
Microsoft Visual Studio Solution File, Format Version 11.00
# Visual Studio 2010
Project("{8BC9CEB8-8B4A-11D0-8D11-00A0C91BC942}") = "GTAV_Native_Invoker", "GTAV_Native_Invoker\GTAV_Native_Invoker.vcxproj", "{A8F66974-A0D2-4B82-A1F4-515EE8CF663C}"
EndProject
Global
	GlobalSection(SolutionConfigurationPlatforms) = preSolution
		Debug|PS3 = Debug|PS3
		Release|PS3 = Release|PS3
	EndGlobalSection
	GlobalSection(ProjectConfigurationPlatforms) = postSolution
		{A8F66974-A0D2-4B82-A1F4-515EE8CF663C}.Debug|PS3.ActiveCfg = Debug|PS3
		{A8F66974-A0D2-4B82-A1F4-515EE8CF663C}.Debug|PS3.Build.0 = Debug|PS3
		{A8F66974-A0D2-4B82-A1F4-515EE8CF663C}.Release|PS3.ActiveCfg = Release|PS3
		{A8F66974-A0D2-4B82-A1F4-515EE8CF663C}.Release|PS3.Build.0 = Release|PS3
	EndGlobalSection
	GlobalSection(SolutionProperties) = preSolution
		HideSolutionNode = FALSE
	EndGlobalSection
EndGlobal
